Microsoft Visual Studio Solution File, Format Version 12.00
# Visual Studio Version 17
VisualStudioVersion = 17.0.31903.59
MinimumVisualStudioVersion = 10.0.40219.1
Project("{FAE04EC0-301F-11D3-BF4B-00C04F79EFBC}") = "DesCon.Windows", "DesCon.Windows\DesCon.Windows.csproj", "{4D5D0EEA-34A7-4D9D-9E4B-B7B8E44E3282}"
EndProject
Global
	GlobalSection(SolutionConfigurationPlatforms) = preSolution
		Debug|x64 = Debug|x64
		Release|x64 = Release|x64
	EndGlobalSection
	GlobalSection(ProjectConfigurationPlatforms) = postSolution
		{4D5D0EEA-34A7-4D9D-9E4B-B7B8E44E3282}.Debug|x64.ActiveCfg = Debug|x64
		{4D5D0EEA-34A7-4D9D-9E4B-B7B8E44E3282}.Debug|x64.Build.0 = Debug|x64
		{4D5D0EEA-34A7-4D9D-9E4B-B7B8E44E3282}.Release|x64.ActiveCfg = Release|x64
		{4D5D0EEA-34A7-4D9D-9E4B-B7B8E44E3282}.Release|x64.Build.0 = Release|x64
	EndGlobalSection
EndGlobal
